
Microsoft Visual Studio Solution File, Format Version 12.00
# Visual Studio Version 17
VisualStudioVersion = 17.11.35208.52
MinimumVisualStudioVersion = 10.0.40219.1
Project("{FAE04EC0-301F-11D3-BF4B-00C04F79EFBC}") = "Store.Data", "Store.Data.csproj", "{56ACDF4B-7FB6-4330-9E6F-F3B33C91FDDF}"
EndProject
Project("{FAE04EC0-301F-11D3-BF4B-00C04F79EFBC}") = "Store.Repository", "..\Store.Repository\Store.Repository.csproj", "{7AF0AE43-5908-487D-9737-0F44768DE95D}"
EndProject
Project("{FAE04EC0-301F-11D3-BF4B-00C04F79EFBC}") = "Store.Service", "..\Store.Service\Store.Service.csproj", "{6C2DBA31-84D6-406C-B717-64A1667C1CC4}"
EndProject
Project("{FAE04EC0-301F-11D3-BF4B-00C04F79EFBC}") = "Store.Web", "..\Store.Web\Store.Web.csproj", "{6423DA2C-5FF1-48EF-A7AF-23184E27F1CC}"
EndProject
Global
	GlobalSection(SolutionConfigurationPlatforms) = preSolution
		Debug|Any CPU = Debug|Any CPU
		Release|Any CPU = Release|Any CPU
	EndGlobalSection
	GlobalSection(ProjectConfigurationPlatforms) = postSolution
		{56ACDF4B-7FB6-4330-9E6F-F3B33C91FDDF}.Debug|Any CPU.ActiveCfg = Debug|Any CPU
		{56ACDF4B-7FB6-4330-9E6F-F3B33C91FDDF}.Debug|Any CPU.Build.0 = Debug|Any CPU
		{56ACDF4B-7FB6-4330-9E6F-F3B33C91FDDF}.Release|Any CPU.ActiveCfg = Release|Any CPU
		{56ACDF4B-7FB6-4330-9E6F-F3B33C91FDDF}.Release|Any CPU.Build.0 = Release|Any CPU
		{7AF0AE43-5908-487D-9737-0F44768DE95D}.Debug|Any CPU.ActiveCfg = Debug|Any CPU
		{7AF0AE43-5908-487D-9737-0F44768DE95D}.Debug|Any CPU.Build.0 = Debug|Any CPU
		{7AF0AE43-5908-487D-9737-0F44768DE95D}.Release|Any CPU.ActiveCfg = Release|Any CPU
		{7AF0AE43-5908-487D-9737-0F44768DE95D}.Release|Any CPU.Build.0 = Release|Any CPU
		{6C2DBA31-84D6-406C-B717-64A1667C1CC4}.Debug|Any CPU.ActiveCfg = Debug|Any CPU
		{6C2DBA31-84D6-406C-B717-64A1667C1CC4}.Debug|Any CPU.Build.0 = Debug|Any CPU
		{6C2DBA31-84D6-406C-B717-64A1667C1CC4}.Release|Any CPU.ActiveCfg = Release|Any CPU
		{6C2DBA31-84D6-406C-B717-64A1667C1CC4}.Release|Any CPU.Build.0 = Release|Any CPU
		{6423DA2C-5FF1-48EF-A7AF-23184E27F1CC}.Debug|Any CPU.ActiveCfg = Debug|Any CPU
		{6423DA2C-5FF1-48EF-A7AF-23184E27F1CC}.Debug|Any CPU.Build.0 = Debug|Any CPU
		{6423DA2C-5FF1-48EF-A7AF-23184E27F1CC}.Release|Any CPU.ActiveCfg = Release|Any CPU
		{6423DA2C-5FF1-48EF-A7AF-23184E27F1CC}.Release|Any CPU.Build.0 = Release|Any CPU
	EndGlobalSection
	GlobalSection(SolutionProperties) = preSolution
		HideSolutionNode = FALSE
	EndGlobalSection
	GlobalSection(ExtensibilityGlobals) = postSolution
		SolutionGuid = {08AC9455-9C10-454A-A29A-281567C181F1}
	EndGlobalSection
EndGlobal
